// !$*UTF8*$!
{
	archiveVersion = 1;
	classes = {
	};
	objectVersion = 56;
	objects = {

/* Begin PBXBuildFile section */
		4904D1132B47B157005409C6 /* Scrollview content offset binding.swift in Sources */ = {isa = PBXBuildFile; fileRef = 4904D1122B47B157005409C6 /* Scrollview content offset binding.swift */; };
		49F330D22B2A80DE00EABA38 /* Tap Tempo Watch App.app in Embed Watch Content */ = {isa = PBXBuildFile; fileRef = 49F330D12B2A80DE00EABA38 /* Tap Tempo Watch App.app */; settings = {ATTRIBUTES = (RemoveHeadersOnCopy, ); }; };
		49F330D72B2A80DE00EABA38 /* Tap_TempoApp.swift in Sources */ = {isa = PBXBuildFile; fileRef = 49F330D62B2A80DE00EABA38 /* Tap_TempoApp.swift */; };
		49F330D92B2A80DE00EABA38 /* ContentView.swift in Sources */ = {isa = PBXBuildFile; fileRef = 49F330D82B2A80DE00EABA38 /* ContentView.swift */; };
		49F330DB2B2A80DF00EABA38 /* Assets.xcassets in Resources */ = {isa = PBXBuildFile; fileRef = 49F330DA2B2A80DF00EABA38 /* Assets.xcassets */; };
		49F330DE2B2A80DF00EABA38 /* Preview Assets.xcassets in Resources */ = {isa = PBXBuildFile; fileRef = 49F330DD2B2A80DF00EABA38 /* Preview Assets.xcassets */; };
		49F330E82B2A80E000EABA38 /* Tap_Tempo_Watch_AppTests.swift in Sources */ = {isa = PBXBuildFile; fileRef = 49F330E72B2A80E000EABA38 /* Tap_Tempo_Watch_AppTests.swift */; };
		49F330F22B2A80E000EABA38 /* Tap_Tempo_Watch_AppUITests.swift in Sources */ = {isa = PBXBuildFile; fileRef = 49F330F12B2A80E000EABA38 /* Tap_Tempo_Watch_AppUITests.swift */; };
		49F330F42B2A80E000EABA38 /* Tap_Tempo_Watch_AppUITestsLaunchTests.swift in Sources */ = {isa = PBXBuildFile; fileRef = 49F330F32B2A80E000EABA38 /* Tap_Tempo_Watch_AppUITestsLaunchTests.swift */; };
		49F331052B2A814E00EABA38 /* File.swift in Sources */ = {isa = PBXBuildFile; fileRef = 49F331042B2A814E00EABA38 /* File.swift */; };
/* End PBXBuildFile section */

/* Begin PBXContainerItemProxy section */
		49F330D32B2A80DE00EABA38 /* PBXContainerItemProxy */ = {
			isa = PBXContainerItemProxy;
			containerPortal = 49F330C52B2A80DE00EABA38 /* Project object */;
			proxyType = 1;
			remoteGlobalIDString = 49F330D02B2A80DE00EABA38;
			remoteInfo = "Tap Tempo Watch App";
		};
		49F330E42B2A80E000EABA38 /* PBXContainerItemProxy */ = {
			isa = PBXContainerItemProxy;
			containerPortal = 49F330C52B2A80DE00EABA38 /* Project object */;
			proxyType = 1;
			remoteGlobalIDString = 49F330D02B2A80DE00EABA38;
			remoteInfo = "Tap Tempo Watch App";
		};
		49F330EE2B2A80E000EABA38 /* PBXContainerItemProxy */ = {
			isa = PBXContainerItemProxy;
			containerPortal = 49F330C52B2A80DE00EABA38 /* Project object */;
			proxyType = 1;
			remoteGlobalIDString = 49F330D02B2A80DE00EABA38;
			remoteInfo = "Tap Tempo Watch App";
		};
/* End PBXContainerItemProxy section */

/* Begin PBXCopyFilesBuildPhase section */
		49F330FA2B2A80E000EABA38 /* Embed Watch Content */ = {
			isa = PBXCopyFilesBuildPhase;
			buildActionMask = 2147483647;
			dstPath = "$(CONTENTS_FOLDER_PATH)/Watch";
			dstSubfolderSpec = 16;
			files = (
				49F330D22B2A80DE00EABA38 /* Tap Tempo Watch App.app in Embed Watch Content */,
			);
			name = "Embed Watch Content";
			runOnlyForDeploymentPostprocessing = 0;
		};
/* End PBXCopyFilesBuildPhase section */

/* Begin PBXFileReference section */
		4904D1122B47B157005409C6 /* Scrollview content offset binding.swift */ = {isa = PBXFileReference; lastKnownFileType = sourcecode.swift; path = "Scrollview content offset binding.swift"; sourceTree = "<group>"; };
		49F330CB2B2A80DE00EABA38 /* Tap Tempo.app */ = {isa = PBXFileReference; explicitFileType = wrapper.application; includeInIndex = 0; path = "Tap Tempo.app"; sourceTree = BUILT_PRODUCTS_DIR; };
		49F330D12B2A80DE00EABA38 /* Tap Tempo Watch App.app */ = {isa = PBXFileReference; explicitFileType = wrapper.application; includeInIndex = 0; path = "Tap Tempo Watch App.app"; sourceTree = BUILT_PRODUCTS_DIR; };
		49F330D62B2A80DE00EABA38 /* Tap_TempoApp.swift */ = {isa = PBXFileReference; lastKnownFileType = sourcecode.swift; path = Tap_TempoApp.swift; sourceTree = "<group>"; };
		49F330D82B2A80DE00EABA38 /* ContentView.swift */ = {isa = PBXFileReference; lastKnownFileType = sourcecode.swift; path = ContentView.swift; sourceTree = "<group>"; };
		49F330DA2B2A80DF00EABA38 /* Assets.xcassets */ = {isa = PBXFileReference; lastKnownFileType = folder.assetcatalog; path = Assets.xcassets; sourceTree = "<group>"; };
		49F330DD2B2A80DF00EABA38 /* Preview Assets.xcassets */ = {isa = PBXFileReference; lastKnownFileType = folder.assetcatalog; path = "Preview Assets.xcassets"; sourceTree = "<group>"; };
		49F330E32B2A80E000EABA38 /* Tap Tempo Watch AppTests.xctest */ = {isa = PBXFileReference; explicitFileType = wrapper.cfbundle; includeInIndex = 0; path = "Tap Tempo Watch AppTests.xctest"; sourceTree = BUILT_PRODUCTS_DIR; };
		49F330E72B2A80E000EABA38 /* Tap_Tempo_Watch_AppTests.swift */ = {isa = PBXFileReference; lastKnownFileType = sourcecode.swift; path = Tap_Tempo_Watch_AppTests.swift; sourceTree = "<group>"; };
		49F330ED2B2A80E000EABA38 /* Tap Tempo Watch AppUITests.xctest */ = {isa = PBXFileReference; explicitFileType = wrapper.cfbundle; includeInIndex = 0; path = "Tap Tempo Watch AppUITests.xctest"; sourceTree = BUILT_PRODUCTS_DIR; };
		49F330F12B2A80E000EABA38 /* Tap_Tempo_Watch_AppUITests.swift */ = {isa = PBXFileReference; lastKnownFileType = sourcecode.swift; path = Tap_Tempo_Watch_AppUITests.swift; sourceTree = "<group>"; };
		49F330F32B2A80E000EABA38 /* Tap_Tempo_Watch_AppUITestsLaunchTests.swift */ = {isa = PBXFileReference; lastKnownFileType = sourcecode.swift; path = Tap_Tempo_Watch_AppUITestsLaunchTests.swift; sourceTree = "<group>"; };
		49F331042B2A814E00EABA38 /* File.swift */ = {isa = PBXFileReference; lastKnownFileType = sourcecode.swift; path = File.swift; sourceTree = "<group>"; };
/* End PBXFileReference section */

/* Begin PBXFrameworksBuildPhase section */
		49F330CE2B2A80DE00EABA38 /* Frameworks */ = {
			isa = PBXFrameworksBuildPhase;
			buildActionMask = 2147483647;
			files = (
			);
			runOnlyForDeploymentPostprocessing = 0;
		};
		49F330E02B2A80E000EABA38 /* Frameworks */ = {
			isa = PBXFrameworksBuildPhase;
			buildActionMask = 2147483647;
			files = (
			);
			runOnlyForDeploymentPostprocessing = 0;
		};
		49F330EA2B2A80E000EABA38 /* Frameworks */ = {
			isa = PBXFrameworksBuildPhase;
			buildActionMask = 2147483647;
			files = (
			);
			runOnlyForDeploymentPostprocessing = 0;
		};
/* End PBXFrameworksBuildPhase section */

/* Begin PBXGroup section */
		49F330C42B2A80DE00EABA38 = {
			isa = PBXGroup;
			children = (
				49F330D52B2A80DE00EABA38 /* Tap Tempo Watch App */,
				49F330E62B2A80E000EABA38 /* Tap Tempo Watch AppTests */,
				49F330F02B2A80E000EABA38 /* Tap Tempo Watch AppUITests */,
				49F330CC2B2A80DE00EABA38 /* Products */,
			);
			sourceTree = "<group>";
		};
		49F330CC2B2A80DE00EABA38 /* Products */ = {
			isa = PBXGroup;
			children = (
				49F330CB2B2A80DE00EABA38 /* Tap Tempo.app */,
				49F330D12B2A80DE00EABA38 /* Tap Tempo Watch App.app */,
				49F330E32B2A80E000EABA38 /* Tap Tempo Watch AppTests.xctest */,
				49F330ED2B2A80E000EABA38 /* Tap Tempo Watch AppUITests.xctest */,
			);
			name = Products;
			sourceTree = "<group>";
		};
		49F330D52B2A80DE00EABA38 /* Tap Tempo Watch App */ = {
			isa = PBXGroup;
			children = (
				49F330D62B2A80DE00EABA38 /* Tap_TempoApp.swift */,
				49F331042B2A814E00EABA38 /* File.swift */,
				49F330D82B2A80DE00EABA38 /* ContentView.swift */,
				4904D1122B47B157005409C6 /* Scrollview content offset binding.swift */,
				49F330DA2B2A80DF00EABA38 /* Assets.xcassets */,
				49F330DC2B2A80DF00EABA38 /* Preview Content */,
			);
			path = "Tap Tempo Watch App";
			sourceTree = "<group>";
		};
		49F330DC2B2A80DF00EABA38 /* Preview Content */ = {
			isa = PBXGroup;
			children = (
				49F330DD2B2A80DF00EABA38 /* Preview Assets.xcassets */,
			);
			path = "Preview Content";
			sourceTree = "<group>";
		};
		49F330E62B2A80E000EABA38 /* Tap Tempo Watch AppTests */ = {
			isa = PBXGroup;
			children = (
				49F330E72B2A80E000EABA38 /* Tap_Tempo_Watch_AppTests.swift */,
			);
			path = "Tap Tempo Watch AppTests";
			sourceTree = "<group>";
		};
		49F330F02B2A80E000EABA38 /* Tap Tempo Watch AppUITests */ = {
			isa = PBXGroup;
			children = (
				49F330F12B2A80E000EABA38 /* Tap_Tempo_Watch_AppUITests.swift */,
				49F330F32B2A80E000EABA38 /* Tap_Tempo_Watch_AppUITestsLaunchTests.swift */,
			);
			path = "Tap Tempo Watch AppUITests";
			sourceTree = "<group>";
		};
/* End PBXGroup section */

/* Begin PBXNativeTarget section */
		49F330CA2B2A80DE00EABA38 /* Tap Tempo */ = {
			isa = PBXNativeTarget;
			buildConfigurationList = 49F330FB2B2A80E000EABA38 /* Build configuration list for PBXNativeTarget "Tap Tempo" */;
			buildPhases = (
				49F330C92B2A80DE00EABA38 /* Resources */,
				49F330FA2B2A80E000EABA38 /* Embed Watch Content */,
			);
			buildRules = (
			);
			dependencies = (
				49F330D42B2A80DE00EABA38 /* PBXTargetDependency */,
			);
			name = "Tap Tempo";
			productName = "Tap Tempo";
			productReference = 49F330CB2B2A80DE00EABA38 /* Tap Tempo.app */;
			productType = "com.apple.product-type.application.watchapp2-container";
		};
		49F330D02B2A80DE00EABA38 /* Tap Tempo Watch App */ = {
			isa = PBXNativeTarget;
			buildConfigurationList = 49F330F72B2A80E000EABA38 /* Build configuration list for PBXNativeTarget "Tap Tempo Watch App" */;
			buildPhases = (
				49F330CD2B2A80DE00EABA38 /* Sources */,
				49F330CE2B2A80DE00EABA38 /* Frameworks */,
				49F330CF2B2A80DE00EABA38 /* Resources */,
			);
			buildRules = (
			);
			dependencies = (
			);
			name = "Tap Tempo Watch App";
			productName = "Tap Tempo Watch App";
			productReference = 49F330D12B2A80DE00EABA38 /* Tap Tempo Watch App.app */;
			productType = "com.apple.product-type.application";
		};
		49F330E22B2A80E000EABA38 /* Tap Tempo Watch AppTests */ = {
			isa = PBXNativeTarget;
			buildConfigurationList = 49F330FE2B2A80E000EABA38 /* Build configuration list for PBXNativeTarget "Tap Tempo Watch AppTests" */;
			buildPhases = (
				49F330DF2B2A80E000EABA38 /* Sources */,
				49F330E02B2A80E000EABA38 /* Frameworks */,
				49F330E12B2A80E000EABA38 /* Resources */,
			);
			buildRules = (
			);
			dependencies = (
				49F330E52B2A80E000EABA38 /* PBXTargetDependency */,
			);
			name = "Tap Tempo Watch AppTests";
			productName = "Tap Tempo Watch AppTests";
			productReference = 49F330E32B2A80E000EABA38 /* Tap Tempo Watch AppTests.xctest */;
			productType = "com.apple.product-type.bundle.unit-test";
		};
		49F330EC2B2A80E000EABA38 /* Tap Tempo Watch AppUITests */ = {
			isa = PBXNativeTarget;
			buildConfigurationList = 49F331012B2A80E000EABA38 /* Build configuration list for PBXNativeTarget "Tap Tempo Watch AppUITests" */;
			buildPhases = (
				49F330E92B2A80E000EABA38 /* Sources */,
				49F330EA2B2A80E000EABA38 /* Frameworks */,
				49F330EB2B2A80E000EABA38 /* Resources */,
			);
			buildRules = (
			);
			dependencies = (
				49F330EF2B2A80E000EABA38 /* PBXTargetDependency */,
			);
			name = "Tap Tempo Watch AppUITests";
			productName = "Tap Tempo Watch AppUITests";
			productReference = 49F330ED2B2A80E000EABA38 /* Tap Tempo Watch AppUITests.xctest */;
			productType = "com.apple.product-type.bundle.ui-testing";
		};
/* End PBXNativeTarget section */

/* Begin PBXProject section */
		49F330C52B2A80DE00EABA38 /* Project object */ = {
			isa = PBXProject;
			attributes = {
				BuildIndependentTargetsInParallel = 1;
				LastSwiftUpdateCheck = 1510;
				LastUpgradeCheck = 1510;
				TargetAttributes = {
					49F330CA2B2A80DE00EABA38 = {
						CreatedOnToolsVersion = 15.1;
					};
					49F330D02B2A80DE00EABA38 = {
						CreatedOnToolsVersion = 15.1;
					};
					49F330E22B2A80E000EABA38 = {
						CreatedOnToolsVersion = 15.1;
						TestTargetID = 49F330D02B2A80DE00EABA38;
					};
					49F330EC2B2A80E000EABA38 = {
						CreatedOnToolsVersion = 15.1;
						TestTargetID = 49F330D02B2A80DE00EABA38;
					};
				};
			};
			buildConfigurationList = 49F330C82B2A80DE00EABA38 /* Build configuration list for PBXProject "Tap Tempo" */;
			compatibilityVersion = "Xcode 14.0";
			developmentRegion = en;
			hasScannedForEncodings = 0;
			knownRegions = (
				en,
				Base,
			);
			mainGroup = 49F330C42B2A80DE00EABA38;
			productRefGroup = 49F330CC2B2A80DE00EABA38 /* Products */;
			projectDirPath = "";
			projectRoot = "";
			targets = (
				49F330CA2B2A80DE00EABA38 /* Tap Tempo */,
				49F330D02B2A80DE00EABA38 /* Tap Tempo Watch App */,
				49F330E22B2A80E000EABA38 /* Tap Tempo Watch AppTests */,
				49F330EC2B2A80E000EABA38 /* Tap Tempo Watch AppUITests */,
			);
		};
/* End PBXProject section */

/* Begin PBXResourcesBuildPhase section */
		49F330C92B2A80DE00EABA38 /* Resources */ = {
			isa = PBXResourcesBuildPhase;
			buildActionMask = 2147483647;
			files = (
			);
			runOnlyForDeploymentPostprocessing = 0;
		};
		49F330CF2B2A80DE00EABA38 /* Resources */ = {
			isa = PBXResourcesBuildPhase;
			buildActionMask = 2147483647;
			files = (
				49F330DE2B2A80DF00EABA38 /* Preview Assets.xcassets in Resources */,
				49F330DB2B2A80DF00EABA38 /* Assets.xcassets in Resources */,
			);
			runOnlyForDeploymentPostprocessing = 0;
		};
		49F330E12B2A80E000EABA38 /* Resources */ = {
			isa = PBXResourcesBuildPhase;
			buildActionMask = 2147483647;
			files = (
			);
			runOnlyForDeploymentPostprocessing = 0;
		};
		49F330EB2B2A80E000EABA38 /* Resources */ = {
			isa = PBXResourcesBuildPhase;
			buildActionMask = 2147483647;
			files = (
			);
			runOnlyForDeploymentPostprocessing = 0;
		};
/* End PBXResourcesBuildPhase section */

/* Begin PBXSourcesBuildPhase section */
		49F330CD2B2A80DE00EABA38 /* Sources */ = {
			isa = PBXSourcesBuildPhase;
			buildActionMask = 2147483647;
			files = (
				49F330D92B2A80DE00EABA38 /* ContentView.swift in Sources */,
				4904D1132B47B157005409C6 /* Scrollview content offset binding.swift in Sources */,
				49F331052B2A814E00EABA38 /* File.swift in Sources */,
				49F330D72B2A80DE00EABA38 /* Tap_TempoApp.swift in Sources */,
			);
			runOnlyForDeploymentPostprocessing = 0;
		};
		49F330DF2B2A80E000EABA38 /* Sources */ = {
			isa = PBXSourcesBuildPhase;
			buildActionMask = 2147483647;
			files = (
				49F330E82B2A80E000EABA38 /* Tap_Tempo_Watch_AppTests.swift in Sources */,
			);
			runOnlyForDeploymentPostprocessing = 0;
		};
		49F330E92B2A80E000EABA38 /* Sources */ = {
			isa = PBXSourcesBuildPhase;
			buildActionMask = 2147483647;
			files = (
				49F330F42B2A80E000EABA38 /* Tap_Tempo_Watch_AppUITestsLaunchTests.swift in Sources */,
				49F330F22B2A80E000EABA38 /* Tap_Tempo_Watch_AppUITests.swift in Sources */,
			);
			runOnlyForDeploymentPostprocessing = 0;
		};
/* End PBXSourcesBuildPhase section */

/* Begin PBXTargetDependency section */
		49F330D42B2A80DE00EABA38 /* PBXTargetDependency */ = {
			isa = PBXTargetDependency;
			target = 49F330D02B2A80DE00EABA38 /* Tap Tempo Watch App */;
			targetProxy = 49F330D32B2A80DE00EABA38 /* PBXContainerItemProxy */;
		};
		49F330E52B2A80E000EABA38 /* PBXTargetDependency */ = {
			isa = PBXTargetDependency;
			target = 49F330D02B2A80DE00EABA38 /* Tap Tempo Watch App */;
			targetProxy = 49F330E42B2A80E000EABA38 /* PBXContainerItemProxy */;
		};
		49F330EF2B2A80E000EABA38 /* PBXTargetDependency */ = {
			isa = PBXTargetDependency;
			target = 49F330D02B2A80DE00EABA38 /* Tap Tempo Watch App */;
			targetProxy = 49F330EE2B2A80E000EABA38 /* PBXContainerItemProxy */;
		};
/* End PBXTargetDependency section */

/* Begin XCBuildConfiguration section */
		49F330F52B2A80E000EABA38 /* Debug */ = {
			isa = XCBuildConfiguration;
			buildSettings = {
				ALWAYS_SEARCH_USER_PATHS = NO;
				ASSETCATALOG_COMPILER_GENERATE_SWIFT_ASSET_SYMBOL_EXTENSIONS = YES;
				CLANG_ANALYZER_NONNULL = YES;
				CLANG_ANALYZER_NUMBER_OBJECT_CONVERSION = YES_AGGRESSIVE;
				CLANG_CXX_LANGUAGE_STANDARD = "gnu++20";
				CLANG_ENABLE_MODULES = YES;
				CLANG_ENABLE_OBJC_ARC = YES;
				CLANG_ENABLE_OBJC_WEAK = YES;
				CLANG_WARN_BLOCK_CAPTURE_AUTORELEASING = YES;
				CLANG_WARN_BOOL_CONVERSION = YES;
				CLANG_WARN_COMMA = YES;
				CLANG_WARN_CONSTANT_CONVERSION = YES;
				CLANG_WARN_DEPRECATED_OBJC_IMPLEMENTATIONS = YES;
				CLANG_WARN_DIRECT_OBJC_ISA_USAGE = YES_ERROR;
				CLANG_WARN_DOCUMENTATION_COMMENTS = YES;
				CLANG_WARN_EMPTY_BODY = YES;
				CLANG_WARN_ENUM_CONVERSION = YES;
				CLANG_WARN_INFINITE_RECURSION = YES;
				CLANG_WARN_INT_CONVERSION = YES;
				CLANG_WARN_NON_LITERAL_NULL_CONVERSION = YES;
				CLANG_WARN_OBJC_IMPLICIT_RETAIN_SELF = YES;
				CLANG_WARN_OBJC_LITERAL_CONVERSION = YES;
				CLANG_WARN_OBJC_ROOT_CLASS = YES_ERROR;
				CLANG_WARN_QUOTED_INCLUDE_IN_FRAMEWORK_HEADER = YES;
				CLANG_WARN_RANGE_LOOP_ANALYSIS = YES;
				CLANG_WARN_STRICT_PROTOTYPES = YES;
				CLANG_WARN_SUSPICIOUS_MOVE = YES;
				CLANG_WARN_UNGUARDED_AVAILABILITY = YES_AGGRESSIVE;
				CLANG_WARN_UNREACHABLE_CODE = YES;
				CLANG_WARN__DUPLICATE_METHOD_MATCH = YES;
				COPY_PHASE_STRIP = NO;
				DEBUG_INFORMATION_FORMAT = dwarf;
				ENABLE_STRICT_OBJC_MSGSEND = YES;
				ENABLE_TESTABILITY = YES;
				ENABLE_USER_SCRIPT_SANDBOXING = YES;
				GCC_C_LANGUAGE_STANDARD = gnu17;
				GCC_DYNAMIC_NO_PIC = NO;
				GCC_NO_COMMON_BLOCKS = YES;
				GCC_OPTIMIZATION_LEVEL = 0;
				GCC_PREPROCESSOR_DEFINITIONS = (
					"DEBUG=1",
					"$(inherited)",
				);
				GCC_WARN_64_TO_32_BIT_CONVERSION = YES;
				GCC_WARN_ABOUT_RETURN_TYPE = YES_ERROR;
				GCC_WARN_UNDECLARED_SELECTOR = YES;
				GCC_WARN_UNINITIALIZED_AUTOS = YES_AGGRESSIVE;
				GCC_WARN_UNUSED_FUNCTION = YES;
				GCC_WARN_UNUSED_VARIABLE = YES;
				LOCALIZATION_PREFERS_STRING_CATALOGS = YES;
				MTL_ENABLE_DEBUG_INFO = INCLUDE_SOURCE;
				MTL_FAST_MATH = YES;
				ONLY_ACTIVE_ARCH = YES;
				SWIFT_ACTIVE_COMPILATION_CONDITIONS = "DEBUG $(inherited)";
				SWIFT_OPTIMIZATION_LEVEL = "-Onone";
			};
			name = Debug;
		};
		49F330F62B2A80E000EABA38 /* Release */ = {
			isa = XCBuildConfiguration;
			buildSettings = {
				ALWAYS_SEARCH_USER_PATHS = NO;
				ASSETCATALOG_COMPILER_GENERATE_SWIFT_ASSET_SYMBOL_EXTENSIONS = YES;
				CLANG_ANALYZER_NONNULL = YES;
				CLANG_ANALYZER_NUMBER_OBJECT_CONVERSION = YES_AGGRESSIVE;
				CLANG_CXX_LANGUAGE_STANDARD = "gnu++20";
				CLANG_ENABLE_MODULES = YES;
				CLANG_ENABLE_OBJC_ARC = YES;
				CLANG_ENABLE_OBJC_WEAK = YES;
				CLANG_WARN_BLOCK_CAPTURE_AUTORELEASING = YES;
				CLANG_WARN_BOOL_CONVERSION = YES;
				CLANG_WARN_COMMA = YES;
				CLANG_WARN_CONSTANT_CONVERSION = YES;
				CLANG_WARN_DEPRECATED_OBJC_IMPLEMENTATIONS = YES;
				CLANG_WARN_DIRECT_OBJC_ISA_USAGE = YES_ERROR;
				CLANG_WARN_DOCUMENTATION_COMMENTS = YES;
				CLANG_WARN_EMPTY_BODY = YES;
				CLANG_WARN_ENUM_CONVERSION = YES;
				CLANG_WARN_INFINITE_RECURSION = YES;
				CLANG_WARN_INT_CONVERSION = YES;
				CLANG_WARN_NON_LITERAL_NULL_CONVERSION = YES;
				CLANG_WARN_OBJC_IMPLICIT_RETAIN_SELF = YES;
				CLANG_WARN_OBJC_LITERAL_CONVERSION = YES;
				CLANG_WARN_OBJC_ROOT_CLASS = YES_ERROR;
				CLANG_WARN_QUOTED_INCLUDE_IN_FRAMEWORK_HEADER = YES;
				CLANG_WARN_RANGE_LOOP_ANALYSIS = YES;
				CLANG_WARN_STRICT_PROTOTYPES = YES;
				CLANG_WARN_SUSPICIOUS_MOVE = YES;
				CLANG_WARN_UNGUARDED_AVAILABILITY = YES_AGGRESSIVE;
				CLANG_WARN_UNREACHABLE_CODE = YES;
				CLANG_WARN__DUPLICATE_METHOD_MATCH = YES;
				COPY_PHASE_STRIP = NO;
				DEBUG_INFORMATION_FORMAT = "dwarf-with-dsym";
				ENABLE_NS_ASSERTIONS = NO;
				ENABLE_STRICT_OBJC_MSGSEND = YES;
				ENABLE_USER_SCRIPT_SANDBOXING = YES;
				GCC_C_LANGUAGE_STANDARD = gnu17;
				GCC_NO_COMMON_BLOCKS = YES;
				GCC_WARN_64_TO_32_BIT_CONVERSION = YES;
				GCC_WARN_ABOUT_RETURN_TYPE = YES_ERROR;
				GCC_WARN_UNDECLARED_SELECTOR = YES;
				GCC_WARN_UNINITIALIZED_AUTOS = YES_AGGRESSIVE;
				GCC_WARN_UNUSED_FUNCTION = YES;
				GCC_WARN_UNUSED_VARIABLE = YES;
				LOCALIZATION_PREFERS_STRING_CATALOGS = YES;
				MTL_ENABLE_DEBUG_INFO = NO;
				MTL_FAST_MATH = YES;
				SWIFT_COMPILATION_MODE = wholemodule;
			};
			name = Release;
		};
		49F330F82B2A80E000EABA38 /* Debug */ = {
			isa = XCBuildConfiguration;
			buildSettings = {
				ASSETCATALOG_COMPILER_APPICON_NAME = AppIcon;
				ASSETCATALOG_COMPILER_GLOBAL_ACCENT_COLOR_NAME = AccentColor;
				CODE_SIGN_STYLE = Automatic;
				CURRENT_PROJECT_VERSION = 1;
				DEVELOPMENT_ASSET_PATHS = "\"Tap Tempo Watch App/Preview Content\"";
				DEVELOPMENT_TEAM = 26B5KBP7LU;
				ENABLE_PREVIEWS = YES;
				GENERATE_INFOPLIST_FILE = YES;
				INFOPLIST_KEY_CFBundleDisplayName = "Tap Tempo";
				INFOPLIST_KEY_UISupportedInterfaceOrientations = "UIInterfaceOrientationPortrait UIInterfaceOrientationPortraitUpsideDown";
				INFOPLIST_KEY_WKWatchOnly = YES;
				LD_RUNPATH_SEARCH_PATHS = (
					"$(inherited)",
					"@executable_path/Frameworks",
				);
				MARKETING_VERSION = 1.0;
				PRODUCT_BUNDLE_IDENTIFIER = "Crossfade.Tap-Tempo.watchkitapp";
				PRODUCT_NAME = "$(TARGET_NAME)";
				SDKROOT = watchos;
				SKIP_INSTALL = YES;
				SWIFT_EMIT_LOC_STRINGS = YES;
				SWIFT_VERSION = 5.0;
				TARGETED_DEVICE_FAMILY = 4;
				WATCHOS_DEPLOYMENT_TARGET = 10.2;
			};
			name = Debug;
		};
		49F330F92B2A80E000EABA38 /* Release */ = {
			isa = XCBuildConfiguration;
			buildSettings = {
				ASSETCATALOG_COMPILER_APPICON_NAME = AppIcon;
				ASSETCATALOG_COMPILER_GLOBAL_ACCENT_COLOR_NAME = AccentColor;
				CODE_SIGN_STYLE = Automatic;
				CURRENT_PROJECT_VERSION = 1;
				DEVELOPMENT_ASSET_PATHS = "\"Tap Tempo Watch App/Preview Content\"";
				DEVELOPMENT_TEAM = 26B5KBP7LU;
				ENABLE_PREVIEWS = YES;
				GENERATE_INFOPLIST_FILE = YES;
				INFOPLIST_KEY_CFBundleDisplayName = "Tap Tempo";
				INFOPLIST_KEY_UISupportedInterfaceOrientations = "UIInterfaceOrientationPortrait UIInterfaceOrientationPortraitUpsideDown";
				INFOPLIST_KEY_WKWatchOnly = YES;
				LD_RUNPATH_SEARCH_PATHS = (
					"$(inherited)",
					"@executable_path/Frameworks",
				);
				MARKETING_VERSION = 1.0;
				PRODUCT_BUNDLE_IDENTIFIER = "Crossfade.Tap-Tempo.watchkitapp";
				PRODUCT_NAME = "$(TARGET_NAME)";
				SDKROOT = watchos;
				SKIP_INSTALL = YES;
				SWIFT_EMIT_LOC_STRINGS = YES;
				SWIFT_VERSION = 5.0;
				TARGETED_DEVICE_FAMILY = 4;
				VALIDATE_PRODUCT = YES;
				WATCHOS_DEPLOYMENT_TARGET = 10.2;
			};
			name = Release;
		};
		49F330FC2B2A80E000EABA38 /* Debug */ = {
			isa = XCBuildConfiguration;
			buildSettings = {
				ALWAYS_EMBED_SWIFT_STANDARD_LIBRARIES = YES;
				CODE_SIGN_STYLE = Automatic;
				CURRENT_PROJECT_VERSION = 1;
				DEVELOPMENT_TEAM = 26B5KBP7LU;
				INFOPLIST_KEY_CFBundleDisplayName = "Tap Tempo";
				MARKETING_VERSION = 1.0;
				PRODUCT_BUNDLE_IDENTIFIER = "Crossfade.Tap-Tempo";
				PRODUCT_NAME = "$(TARGET_NAME)";
				SDKROOT = iphoneos;
				SWIFT_VERSION = 5.0;
			};
			name = Debug;
		};
		49F330FD2B2A80E000EABA38 /* Release */ = {
			isa = XCBuildConfiguration;
			buildSettings = {
				ALWAYS_EMBED_SWIFT_STANDARD_LIBRARIES = YES;
				CODE_SIGN_STYLE = Automatic;
				CURRENT_PROJECT_VERSION = 1;
				DEVELOPMENT_TEAM = 26B5KBP7LU;
				INFOPLIST_KEY_CFBundleDisplayName = "Tap Tempo";
				MARKETING_VERSION = 1.0;
				PRODUCT_BUNDLE_IDENTIFIER = "Crossfade.Tap-Tempo";
				PRODUCT_NAME = "$(TARGET_NAME)";
				SDKROOT = iphoneos;
				SWIFT_VERSION = 5.0;
				VALIDATE_PRODUCT = YES;
			};
			name = Release;
		};
		49F330FF2B2A80E000EABA38 /* Debug */ = {
			isa = XCBuildConfiguration;
			buildSettings = {
				ALWAYS_EMBED_SWIFT_STANDARD_LIBRARIES = YES;
				BUNDLE_LOADER = "$(TEST_HOST)";
				CODE_SIGN_STYLE = Automatic;
				CURRENT_PROJECT_VERSION = 1;
				DEVELOPMENT_TEAM = 26B5KBP7LU;
				GENERATE_INFOPLIST_FILE = YES;
				MARKETING_VERSION = 1.0;
				PRODUCT_BUNDLE_IDENTIFIER = "Crossfade.Tap-Tempo-Watch-AppTests";
				PRODUCT_NAME = "$(TARGET_NAME)";
				SDKROOT = watchos;
				SWIFT_EMIT_LOC_STRINGS = NO;
				SWIFT_VERSION = 5.0;
				TARGETED_DEVICE_FAMILY = 4;
				TEST_HOST = "$(BUILT_PRODUCTS_DIR)/Tap Tempo Watch App.app/$(BUNDLE_EXECUTABLE_FOLDER_PATH)/Tap Tempo Watch App";
				WATCHOS_DEPLOYMENT_TARGET = 10.2;
			};
			name = Debug;
		};
		49F331002B2A80E000EABA38 /* Release */ = {
			isa = XCBuildConfiguration;
			buildSettings = {
				ALWAYS_EMBED_SWIFT_STANDARD_LIBRARIES = YES;
				BUNDLE_LOADER = "$(TEST_HOST)";
				CODE_SIGN_STYLE = Automatic;
				CURRENT_PROJECT_VERSION = 1;
				DEVELOPMENT_TEAM = 26B5KBP7LU;
				GENERATE_INFOPLIST_FILE = YES;
				MARKETING_VERSION = 1.0;
				PRODUCT_BUNDLE_IDENTIFIER = "Crossfade.Tap-Tempo-Watch-AppTests";
				PRODUCT_NAME = "$(TARGET_NAME)";
				SDKROOT = watchos;
				SWIFT_EMIT_LOC_STRINGS = NO;
				SWIFT_VERSION = 5.0;
				TARGETED_DEVICE_FAMILY = 4;
				TEST_HOST = "$(BUILT_PRODUCTS_DIR)/Tap Tempo Watch App.app/$(BUNDLE_EXECUTABLE_FOLDER_PATH)/Tap Tempo Watch App";
				VALIDATE_PRODUCT = YES;
				WATCHOS_DEPLOYMENT_TARGET = 10.2;
			};
			name = Release;
		};
		49F331022B2A80E000EABA38 /* Debug */ = {
			isa = XCBuildConfiguration;
			buildSettings = {
				ALWAYS_EMBED_SWIFT_STANDARD_LIBRARIES = YES;
				CODE_SIGN_STYLE = Automatic;
				CURRENT_PROJECT_VERSION = 1;
				DEVELOPMENT_TEAM = 26B5KBP7LU;
				GENERATE_INFOPLIST_FILE = YES;
				MARKETING_VERSION = 1.0;
				PRODUCT_BUNDLE_IDENTIFIER = "Crossfade.Tap-Tempo-Watch-AppUITests";
				PRODUCT_NAME = "$(TARGET_NAME)";
				SDKROOT = watchos;
				SWIFT_EMIT_LOC_STRINGS = NO;
				SWIFT_VERSION = 5.0;
				TARGETED_DEVICE_FAMILY = 4;
				TEST_TARGET_NAME = "Tap Tempo Watch App";
				WATCHOS_DEPLOYMENT_TARGET = 10.2;
			};
			name = Debug;
		};
		49F331032B2A80E000EABA38 /* Release */ = {
			isa = XCBuildConfiguration;
			buildSettings = {
				ALWAYS_EMBED_SWIFT_STANDARD_LIBRARIES = YES;
				CODE_SIGN_STYLE = Automatic;
				CURRENT_PROJECT_VERSION = 1;
				DEVELOPMENT_TEAM = 26B5KBP7LU;
				GENERATE_INFOPLIST_FILE = YES;
				MARKETING_VERSION = 1.0;
				PRODUCT_BUNDLE_IDENTIFIER = "Crossfade.Tap-Tempo-Watch-AppUITests";
				PRODUCT_NAME = "$(TARGET_NAME)";
				SDKROOT = watchos;
				SWIFT_EMIT_LOC_STRINGS = NO;
				SWIFT_VERSION = 5.0;
				TARGETED_DEVICE_FAMILY = 4;
				TEST_TARGET_NAME = "Tap Tempo Watch App";
				VALIDATE_PRODUCT = YES;
				WATCHOS_DEPLOYMENT_TARGET = 10.2;
			};
			name = Release;
		};
/* End XCBuildConfiguration section */

/* Begin XCConfigurationList section */
		49F330C82B2A80DE00EABA38 /* Build configuration list for PBXProject "Tap Tempo" */ = {
			isa = XCConfigurationList;
			buildConfigurations = (
				49F330F52B2A80E000EABA38 /* Debug */,
				49F330F62B2A80E000EABA38 /* Release */,
			);
			defaultConfigurationIsVisible = 0;
			defaultConfigurationName = Release;
		};
		49F330F72B2A80E000EABA38 /* Build configuration list for PBXNativeTarget "Tap Tempo Watch App" */ = {
			isa = XCConfigurationList;
			buildConfigurations = (
				49F330F82B2A80E000EABA38 /* Debug */,
				49F330F92B2A80E000EABA38 /* Release */,
			);
			defaultConfigurationIsVisible = 0;
			defaultConfigurationName = Release;
		};
		49F330FB2B2A80E000EABA38 /* Build configuration list for PBXNativeTarget "Tap Tempo" */ = {
			isa = XCConfigurationList;
			buildConfigurations = (
				49F330FC2B2A80E000EABA38 /* Debug */,
				49F330FD2B2A80E000EABA38 /* Release */,
			);
			defaultConfigurationIsVisible = 0;
			defaultConfigurationName = Release;
		};
		49F330FE2B2A80E000EABA38 /* Build configuration list for PBXNativeTarget "Tap Tempo Watch AppTests" */ = {
			isa = XCConfigurationList;
			buildConfigurations = (
				49F330FF2B2A80E000EABA38 /* Debug */,
				49F331002B2A80E000EABA38 /* Release */,
			);
			defaultConfigurationIsVisible = 0;
			defaultConfigurationName = Release;
		};
		49F331012B2A80E000EABA38 /* Build configuration list for PBXNativeTarget "Tap Tempo Watch AppUITests" */ = {
			isa = XCConfigurationList;
			buildConfigurations = (
				49F331022B2A80E000EABA38 /* Debug */,
				49F331032B2A80E000EABA38 /* Release */,
			);
			defaultConfigurationIsVisible = 0;
			defaultConfigurationName = Release;
		};
/* End XCConfigurationList section */
	};
	rootObject = 49F330C52B2A80DE00EABA38 /* Project object */;
}
